hash: 4221f8b7032a1b469228cf52b0479acd62c8a76129c31368cf6020d5a3c0f8c9
updated: 2017-05-20T22:51:11.049434578+02:00
imports:
- name: github.com/go-sql-driver/mysql
  version: 382e13d099fcf5f5994290892ab258fbebbdc5e3
- name: github.com/golang/protobuf
  version: fec3b39b059c0f88fa6b20f5ed012b1aa203a8b4
  subpackages:
  - proto
  - protoc-gen-go
  - protoc-gen-go/descriptor
  - ptypes/any
- name: github.com/hooklift/httpclient
  version: 9319ee9c9f8ebd15041916b89a91e32c46d7e02e
- name: github.com/jinzhu/gorm
  version: 5174cc5c242a728b435ea2be8a2f7f998e15429b
  subpackages:
  - dialects/mysql
- name: github.com/jinzhu/inflection
  version: 1c35d901db3da928c72a72d8458480cc9ade058f
- name: github.com/o1egl/gormrus
  version: 57710b0229272260f1fa2b31838a0dc4baa22a0a
- name: github.com/Sirupsen/logrus
  version: ba1b36c82c5e05c4f912a88eab0dcd91a171688f
- name: golang.org/x/net
  version: 513929065c19401a1c7b76ecd942f9f86a0c061b
  subpackages:
  - context
  - http2
  - http2/hpack
  - idna
  - internal/timeseries
  - lex/httplex
  - trace
- name: golang.org/x/sys
  version: a2e06a18b0d52d8cb2010e04b372a1965d8e3439
  subpackages:
  - unix
- name: golang.org/x/text
  version: 19e51611da83d6be54ddafce4a4af510cb3e9ea4
  subpackages:
  - secure/bidirule
  - transform
  - unicode/bidi
  - unicode/norm
- name: google.golang.org/genproto
  version: bb3573be0c484136831138976d444b8754777aff
  subpackages:
  - googleapis/rpc/status
- name: google.golang.org/grpc
  version: d2e1b51f33ff8c5e4a15560ff049d200e83726c5
  subpackages:
  - codes
  - credentials
  - grpclb/grpc_lb_v1
  - grpclog
  - internal
  - keepalive
  - metadata
  - naming
  - peer
  - reflection
  - reflection/grpc_reflection_v1alpha
  - stats
  - status
  - tap
  - transport
testImports: []
